# This file is automatically @generated by Cargo.
# It is not intended for manual editing.
version = 4

[[package]]
name = "krnl_uefi"
version = "0.1.0"
dependencies = [
 "r-efi",
]

[[package]]
name = "r-efi"
version = "5.1.0"
source = "registry+https://github.com/rust-lang/crates.io-index"
checksum = "5a2af567ac9e1e7d2d11097ca14a1e463a5c06a2ee84c23c009b489b00afc1fc"
